// !$*UTF8*$!
{
	archiveVersion = 1;
	classes = {
	};
	objectVersion = 48;
	objects = {

/* Begin PBXBuildFile section */
		9F437D1F20234E3A00E4E823 /* AppDelegate.swift in Sources */ = {isa = PBXBuildFile; fileRef = 9F437D1E20234E3A00E4E823 /* AppDelegate.swift */; };
		9F437D2420234E3A00E4E823 /* Main.storyboard in Resources */ = {isa = PBXBuildFile; fileRef = 9F437D2220234E3A00E4E823 /* Main.storyboard */; };
		9F437D2620234E3A00E4E823 /* Assets.xcassets in Resources */ = {isa = PBXBuildFile; fileRef = 9F437D2520234E3A00E4E823 /* Assets.xcassets */; };
		9F437D2920234E3A00E4E823 /* LaunchScreen.storyboard in Resources */ = {isa = PBXBuildFile; fileRef = 9F437D2720234E3A00E4E823 /* LaunchScreen.storyboard */; };
		9F437D3120234E7F00E4E823 /* .gitignore in Resources */ = {isa = PBXBuildFile; fileRef = 9F437D3020234E7F00E4E823 /* .gitignore */; };
		9F437D3920234F5A00E4E823 /* HomeViewController.swift in Sources */ = {isa = PBXBuildFile; fileRef = 9F437D3820234F5A00E4E823 /* HomeViewController.swift */; };
		9F437D3B2023693000E4E823 /* Game.swift in Sources */ = {isa = PBXBuildFile; fileRef = 9F437D3A2023693000E4E823 /* Game.swift */; };
		9F437D3D20236B8C00E4E823 /* Category.swift in Sources */ = {isa = PBXBuildFile; fileRef = 9F437D3C20236B8C00E4E823 /* Category.swift */; };
		9F437D3F20236CFE00E4E823 /* Feed.swift in Sources */ = {isa = PBXBuildFile; fileRef = 9F437D3E20236CFE00E4E823 /* Feed.swift */; };
		9F437D4120236DFD00E4E823 /* NetworkCommunicationManager.swift in Sources */ = {isa = PBXBuildFile; fileRef = 9F437D4020236DFD00E4E823 /* NetworkCommunicationManager.swift */; };
		9F437D432023713400E4E823 /* EndPoints.swift in Sources */ = {isa = PBXBuildFile; fileRef = 9F437D422023713400E4E823 /* EndPoints.swift */; };
		9F437D452024868F00E4E823 /* ImageCache.swift in Sources */ = {isa = PBXBuildFile; fileRef = 9F437D442024868F00E4E823 /* ImageCache.swift */; };
		9F437D472024903400E4E823 /* UnderlinedLabel.swift in Sources */ = {isa = PBXBuildFile; fileRef = 9F437D462024903400E4E823 /* UnderlinedLabel.swift */; };
		9F437D49202490C600E4E823 /* CustomCollectionViewCell.swift in Sources */ = {isa = PBXBuildFile; fileRef = 9F437D48202490C600E4E823 /* CustomCollectionViewCell.swift */; };
/* End PBXBuildFile section */

/* Begin PBXFileReference section */
		9F437D1B20234E3A00E4E823 /* ResponsiveApp.app */ = {isa = PBXFileReference; explicitFileType = wrapper.application; includeInIndex = 0; path = ResponsiveApp.app; sourceTree = BUILT_PRODUCTS_DIR; };
		9F437D1E20234E3A00E4E823 /* AppDelegate.swift */ = {isa = PBXFileReference; lastKnownFileType = sourcecode.swift; path = AppDelegate.swift; sourceTree = "<group>"; };
		9F437D2320234E3A00E4E823 /* Base */ = {isa = PBXFileReference; lastKnownFileType = file.storyboard; name = Base; path = Base.lproj/Main.storyboard; sourceTree = "<group>"; };
		9F437D2520234E3A00E4E823 /* Assets.xcassets */ = {isa = PBXFileReference; lastKnownFileType = folder.assetcatalog; path = Assets.xcassets; sourceTree = "<group>"; };
		9F437D2820234E3A00E4E823 /* Base */ = {isa = PBXFileReference; lastKnownFileType = file.storyboard; name = Base; path = Base.lproj/LaunchScreen.storyboard; sourceTree = "<group>"; };
		9F437D2A20234E3A00E4E823 /* Info.plist */ = {isa = PBXFileReference; lastKnownFileType = text.plist.xml; path = Info.plist; sourceTree = "<group>"; };
		9F437D3020234E7F00E4E823 /* .gitignore */ = {isa = PBXFileReference; fileEncoding = 4; lastKnownFileType = text; path = .gitignore; sourceTree = "<group>"; };
		9F437D3820234F5A00E4E823 /* HomeViewController.swift */ = {isa = PBXFileReference; lastKnownFileType = sourcecode.swift; path = HomeViewController.swift; sourceTree = "<group>"; };
		9F437D3A2023693000E4E823 /* Game.swift */ = {isa = PBXFileReference; lastKnownFileType = sourcecode.swift; path = Game.swift; sourceTree = "<group>"; };
		9F437D3C20236B8C00E4E823 /* Category.swift */ = {isa = PBXFileReference; lastKnownFileType = sourcecode.swift; path = Category.swift; sourceTree = "<group>"; };
		9F437D3E20236CFE00E4E823 /* Feed.swift */ = {isa = PBXFileReference; lastKnownFileType = sourcecode.swift; path = Feed.swift; sourceTree = "<group>"; };
		9F437D4020236DFD00E4E823 /* NetworkCommunicationManager.swift */ = {isa = PBXFileReference; lastKnownFileType = sourcecode.swift; path = NetworkCommunicationManager.swift; sourceTree = "<group>"; };
		9F437D422023713400E4E823 /* EndPoints.swift */ = {isa = PBXFileReference; lastKnownFileType = sourcecode.swift; path = EndPoints.swift; sourceTree = "<group>"; };
		9F437D442024868F00E4E823 /* ImageCache.swift */ = {isa = PBXFileReference; lastKnownFileType = sourcecode.swift; path = ImageCache.swift; sourceTree = "<group>"; };
		9F437D462024903400E4E823 /* UnderlinedLabel.swift */ = {isa = PBXFileReference; lastKnownFileType = sourcecode.swift; path = UnderlinedLabel.swift; sourceTree = "<group>"; };
		9F437D48202490C600E4E823 /* CustomCollectionViewCell.swift */ = {isa = PBXFileReference; lastKnownFileType = sourcecode.swift; path = CustomCollectionViewCell.swift; sourceTree = "<group>"; };
/* End PBXFileReference section */

/* Begin PBXFrameworksBuildPhase section */
		9F437D1820234E3A00E4E823 /* Frameworks */ = {
			isa = PBXFrameworksBuildPhase;
			buildActionMask = 2147483647;
			files = (
			);
			runOnlyForDeploymentPostprocessing = 0;
		};
/* End PBXFrameworksBuildPhase section */

/* Begin PBXGroup section */
		9F437D1220234E3A00E4E823 = {
			isa = PBXGroup;
			children = (
				9F437D3020234E7F00E4E823 /* .gitignore */,
				9F437D1D20234E3A00E4E823 /* ResponsiveApp */,
				9F437D1C20234E3A00E4E823 /* Products */,
			);
			sourceTree = "<group>";
		};
		9F437D1C20234E3A00E4E823 /* Products */ = {
			isa = PBXGroup;
			children = (
				9F437D1B20234E3A00E4E823 /* ResponsiveApp.app */,
			);
			name = Products;
			sourceTree = "<group>";
		};
		9F437D1D20234E3A00E4E823 /* ResponsiveApp */ = {
			isa = PBXGroup;
			children = (
				9F437D3420234EC300E4E823 /* Model */,
				9F437D3520234ECB00E4E823 /* View */,
				9F437D3620234ED000E4E823 /* Controller */,
				9F437D3320234EB700E4E823 /* SupportingFiles */,
			);
			path = ResponsiveApp;
			sourceTree = "<group>";
		};
		9F437D3220234EAD00E4E823 /* Storyboards */ = {
			isa = PBXGroup;
			children = (
				9F437D2220234E3A00E4E823 /* Main.storyboard */,
				9F437D2720234E3A00E4E823 /* LaunchScreen.storyboard */,
			);
			path = Storyboards;
			sourceTree = "<group>";
		};
		9F437D3320234EB700E4E823 /* SupportingFiles */ = {
			isa = PBXGroup;
			children = (
				9F437D1E20234E3A00E4E823 /* AppDelegate.swift */,
				9F437D2520234E3A00E4E823 /* Assets.xcassets */,
				9F437D2A20234E3A00E4E823 /* Info.plist */,
			);
			path = SupportingFiles;
			sourceTree = "<group>";
		};
		9F437D3420234EC300E4E823 /* Model */ = {
			isa = PBXGroup;
			children = (
				9F437D3E20236CFE00E4E823 /* Feed.swift */,
				9F437D3C20236B8C00E4E823 /* Category.swift */,
				9F437D3A2023693000E4E823 /* Game.swift */,
				9F437D422023713400E4E823 /* EndPoints.swift */,
				9F437D4020236DFD00E4E823 /* NetworkCommunicationManager.swift */,
				9F437D442024868F00E4E823 /* ImageCache.swift */,
			);
			path = Model;
			sourceTree = "<group>";
		};
		9F437D3520234ECB00E4E823 /* View */ = {
			isa = PBXGroup;
			children = (
				9F437D3220234EAD00E4E823 /* Storyboards */,
				9F437D462024903400E4E823 /* UnderlinedLabel.swift */,
				9F437D48202490C600E4E823 /* CustomCollectionViewCell.swift */,
			);
			path = View;
			sourceTree = "<group>";
		};
		9F437D3620234ED000E4E823 /* Controller */ = {
			isa = PBXGroup;
			children = (
				9F437D3820234F5A00E4E823 /* HomeViewController.swift */,
			);
			path = Controller;
			sourceTree = "<group>";
		};
/* End PBXGroup section */

/* Begin PBXNativeTarget section */
		9F437D1A20234E3A00E4E823 /* ResponsiveApp */ = {
			isa = PBXNativeTarget;
			buildConfigurationList = 9F437D2D20234E3A00E4E823 /* Build configuration list for PBXNativeTarget "ResponsiveApp" */;
			buildPhases = (
				9F437D1720234E3A00E4E823 /* Sources */,
				9F437D1820234E3A00E4E823 /* Frameworks */,
				9F437D1920234E3A00E4E823 /* Resources */,
			);
			buildRules = (
			);
			dependencies = (
			);
			name = ResponsiveApp;
			productName = ResponsiveApp;
			productReference = 9F437D1B20234E3A00E4E823 /* ResponsiveApp.app */;
			productType = "com.apple.product-type.application";
		};
/* End PBXNativeTarget section */

/* Begin PBXProject section */
		9F437D1320234E3A00E4E823 /* Project object */ = {
			isa = PBXProject;
			attributes = {
				LastSwiftUpdateCheck = 0920;
				LastUpgradeCheck = 0920;
				ORGANIZATIONNAME = "Stoyan Kostov";
				TargetAttributes = {
					9F437D1A20234E3A00E4E823 = {
						CreatedOnToolsVersion = 9.2;
						ProvisioningStyle = Automatic;
					};
				};
			};
			buildConfigurationList = 9F437D1620234E3A00E4E823 /* Build configuration list for PBXProject "ResponsiveApp" */;
			compatibilityVersion = "Xcode 8.0";
			developmentRegion = en;
			hasScannedForEncodings = 0;
			knownRegions = (
				en,
				Base,
			);
			mainGroup = 9F437D1220234E3A00E4E823;
			productRefGroup = 9F437D1C20234E3A00E4E823 /* Products */;
			projectDirPath = "";
			projectRoot = "";
			targets = (
				9F437D1A20234E3A00E4E823 /* ResponsiveApp */,
			);
		};
/* End PBXProject section */

/* Begin PBXResourcesBuildPhase section */
		9F437D1920234E3A00E4E823 /* Resources */ = {
			isa = PBXResourcesBuildPhase;
			buildActionMask = 2147483647;
			files = (
				9F437D3120234E7F00E4E823 /* .gitignore in Resources */,
				9F437D2920234E3A00E4E823 /* LaunchScreen.storyboard in Resources */,
				9F437D2620234E3A00E4E823 /* Assets.xcassets in Resources */,
				9F437D2420234E3A00E4E823 /* Main.storyboard in Resources */,
			);
			runOnlyForDeploymentPostprocessing = 0;
		};
/* End PBXResourcesBuildPhase section */

/* Begin PBXSourcesBuildPhase section */
		9F437D1720234E3A00E4E823 /* Sources */ = {
			isa = PBXSourcesBuildPhase;
			buildActionMask = 2147483647;
			files = (
				9F437D49202490C600E4E823 /* CustomCollectionViewCell.swift in Sources */,
				9F437D1F20234E3A00E4E823 /* AppDelegate.swift in Sources */,
				9F437D3F20236CFE00E4E823 /* Feed.swift in Sources */,
				9F437D452024868F00E4E823 /* ImageCache.swift in Sources */,
				9F437D3B2023693000E4E823 /* Game.swift in Sources */,
				9F437D432023713400E4E823 /* EndPoints.swift in Sources */,
				9F437D3920234F5A00E4E823 /* HomeViewController.swift in Sources */,
				9F437D3D20236B8C00E4E823 /* Category.swift in Sources */,
				9F437D472024903400E4E823 /* UnderlinedLabel.swift in Sources */,
				9F437D4120236DFD00E4E823 /* NetworkCommunicationManager.swift in Sources */,
			);
			runOnlyForDeploymentPostprocessing = 0;
		};
/* End PBXSourcesBuildPhase section */

/* Begin PBXVariantGroup section */
		9F437D2220234E3A00E4E823 /* Main.storyboard */ = {
			isa = PBXVariantGroup;
			children = (
				9F437D2320234E3A00E4E823 /* Base */,
			);
			name = Main.storyboard;
			sourceTree = "<group>";
		};
		9F437D2720234E3A00E4E823 /* LaunchScreen.storyboard */ = {
			isa = PBXVariantGroup;
			children = (
				9F437D2820234E3A00E4E823 /* Base */,
			);
			name = LaunchScreen.storyboard;
			sourceTree = "<group>";
		};
/* End PBXVariantGroup section */

/* Begin XCBuildConfiguration section */
		9F437D2B20234E3A00E4E823 /* Debug */ = {
			isa = XCBuildConfiguration;
			buildSettings = {
				ALWAYS_SEARCH_USER_PATHS = NO;
				CLANG_ANALYZER_NONNULL = YES;
				CLANG_ANALYZER_NUMBER_OBJECT_CONVERSION = YES_AGGRESSIVE;
				CLANG_CXX_LANGUAGE_STANDARD = "gnu++14";
				CLANG_CXX_LIBRARY = "libc++";
				CLANG_ENABLE_MODULES = YES;
				CLANG_ENABLE_OBJC_ARC = YES;
				CLANG_WARN_BLOCK_CAPTURE_AUTORELEASING = YES;
				CLANG_WARN_BOOL_CONVERSION = YES;
				CLANG_WARN_COMMA = YES;
				CLANG_WARN_CONSTANT_CONVERSION = YES;
				CLANG_WARN_DIRECT_OBJC_ISA_USAGE = YES_ERROR;
				CLANG_WARN_DOCUMENTATION_COMMENTS = YES;
				CLANG_WARN_EMPTY_BODY = YES;
				CLANG_WARN_ENUM_CONVERSION = YES;
				CLANG_WARN_INFINITE_RECURSION = YES;
				CLANG_WARN_INT_CONVERSION = YES;
				CLANG_WARN_NON_LITERAL_NULL_CONVERSION = YES;
				CLANG_WARN_OBJC_LITERAL_CONVERSION = YES;
				CLANG_WARN_OBJC_ROOT_CLASS = YES_ERROR;
				CLANG_WARN_RANGE_LOOP_ANALYSIS = YES;
				CLANG_WARN_STRICT_PROTOTYPES = YES;
				CLANG_WARN_SUSPICIOUS_MOVE = YES;
				CLANG_WARN_UNGUARDED_AVAILABILITY = YES_AGGRESSIVE;
				CLANG_WARN_UNREACHABLE_CODE = YES;
				CLANG_WARN__DUPLICATE_METHOD_MATCH = YES;
				CODE_SIGN_IDENTITY = "iPhone Developer";
				COPY_PHASE_STRIP = NO;
				DEBUG_INFORMATION_FORMAT = dwarf;
				ENABLE_STRICT_OBJC_MSGSEND = YES;
				ENABLE_TESTABILITY = YES;
				GCC_C_LANGUAGE_STANDARD = gnu11;
				GCC_DYNAMIC_NO_PIC = NO;
				GCC_NO_COMMON_BLOCKS = YES;
				GCC_OPTIMIZATION_LEVEL = 0;
				GCC_PREPROCESSOR_DEFINITIONS = (
					"DEBUG=1",
					"$(inherited)",
				);
				GCC_WARN_64_TO_32_BIT_CONVERSION = YES;
				GCC_WARN_ABOUT_RETURN_TYPE = YES_ERROR;
				GCC_WARN_UNDECLARED_SELECTOR = YES;
				GCC_WARN_UNINITIALIZED_AUTOS = YES_AGGRESSIVE;
				GCC_WARN_UNUSED_FUNCTION = YES;
				GCC_WARN_UNUSED_VARIABLE = YES;
				IPHONEOS_DEPLOYMENT_TARGET = 9.0;
				MTL_ENABLE_DEBUG_INFO = YES;
				ONLY_ACTIVE_ARCH = YES;
				SDKROOT = iphoneos;
				SWIFT_ACTIVE_COMPILATION_CONDITIONS = DEBUG;
				SWIFT_OPTIMIZATION_LEVEL = "-Onone";
			};
			name = Debug;
		};
		9F437D2C20234E3A00E4E823 /* Release */ = {
			isa = XCBuildConfiguration;
			buildSettings = {
				ALWAYS_SEARCH_USER_PATHS = NO;
				CLANG_ANALYZER_NONNULL = YES;
				CLANG_ANALYZER_NUMBER_OBJECT_CONVERSION = YES_AGGRESSIVE;
				CLANG_CXX_LANGUAGE_STANDARD = "gnu++14";
				CLANG_CXX_LIBRARY = "libc++";
				CLANG_ENABLE_MODULES = YES;
				CLANG_ENABLE_OBJC_ARC = YES;
				CLANG_WARN_BLOCK_CAPTURE_AUTORELEASING = YES;
				CLANG_WARN_BOOL_CONVERSION = YES;
				CLANG_WARN_COMMA = YES;
				CLANG_WARN_CONSTANT_CONVERSION = YES;
				CLANG_WARN_DIRECT_OBJC_ISA_USAGE = YES_ERROR;
				CLANG_WARN_DOCUMENTATION_COMMENTS = YES;
				CLANG_WARN_EMPTY_BODY = YES;
				CLANG_WARN_ENUM_CONVERSION = YES;
				CLANG_WARN_INFINITE_RECURSION = YES;
				CLANG_WARN_INT_CONVERSION = YES;
				CLANG_WARN_NON_LITERAL_NULL_CONVERSION = YES;
				CLANG_WARN_OBJC_LITERAL_CONVERSION = YES;
				CLANG_WARN_OBJC_ROOT_CLASS = YES_ERROR;
				CLANG_WARN_RANGE_LOOP_ANALYSIS = YES;
				CLANG_WARN_STRICT_PROTOTYPES = YES;
				CLANG_WARN_SUSPICIOUS_MOVE = YES;
				CLANG_WARN_UNGUARDED_AVAILABILITY = YES_AGGRESSIVE;
				CLANG_WARN_UNREACHABLE_CODE = YES;
				CLANG_WARN__DUPLICATE_METHOD_MATCH = YES;
				CODE_SIGN_IDENTITY = "iPhone Developer";
				COPY_PHASE_STRIP = NO;
				DEBUG_INFORMATION_FORMAT = "dwarf-with-dsym";
				ENABLE_NS_ASSERTIONS = NO;
				ENABLE_STRICT_OBJC_MSGSEND = YES;
				GCC_C_LANGUAGE_STANDARD = gnu11;
				GCC_NO_COMMON_BLOCKS = YES;
				GCC_WARN_64_TO_32_BIT_CONVERSION = YES;
				GCC_WARN_ABOUT_RETURN_TYPE = YES_ERROR;
				GCC_WARN_UNDECLARED_SELECTOR = YES;
				GCC_WARN_UNINITIALIZED_AUTOS = YES_AGGRESSIVE;
				GCC_WARN_UNUSED_FUNCTION = YES;
				GCC_WARN_UNUSED_VARIABLE = YES;
				IPHONEOS_DEPLOYMENT_TARGET = 9.0;
				MTL_ENABLE_DEBUG_INFO = NO;
				SDKROOT = iphoneos;
				SWIFT_OPTIMIZATION_LEVEL = "-Owholemodule";
				VALIDATE_PRODUCT = YES;
			};
			name = Release;
		};
		9F437D2E20234E3A00E4E823 /* Debug */ = {
			isa = XCBuildConfiguration;
			buildSettings = {
				ASSETCATALOG_COMPILER_APPICON_NAME = AppIcon;
				CODE_SIGN_STYLE = Automatic;
				DEVELOPMENT_TEAM = 65TZ3938TR;
				INFOPLIST_FILE = "$(SRCROOT)/ResponsiveApp/SupportingFiles/Info.plist";
				LD_RUNPATH_SEARCH_PATHS = "$(inherited) @executable_path/Frameworks";
				PRODUCT_BUNDLE_IDENTIFIER = com.stoyan.com.ResponsiveApp;
				PRODUCT_NAME = "$(TARGET_NAME)";
				SWIFT_VERSION = 4.0;
				TARGETED_DEVICE_FAMILY = "1,2";
			};
			name = Debug;
		};
		9F437D2F20234E3A00E4E823 /* Release */ = {
			isa = XCBuildConfiguration;
			buildSettings = {
				ASSETCATALOG_COMPILER_APPICON_NAME = AppIcon;
				CODE_SIGN_STYLE = Automatic;
				DEVELOPMENT_TEAM = 65TZ3938TR;
				INFOPLIST_FILE = "$(SRCROOT)/ResponsiveApp/SupportingFiles/Info.plist";
				LD_RUNPATH_SEARCH_PATHS = "$(inherited) @executable_path/Frameworks";
				PRODUCT_BUNDLE_IDENTIFIER = com.stoyan.com.ResponsiveApp;
				PRODUCT_NAME = "$(TARGET_NAME)";
				SWIFT_VERSION = 4.0;
				TARGETED_DEVICE_FAMILY = "1,2";
			};
			name = Release;
		};
/* End XCBuildConfiguration section */

/* Begin XCConfigurationList section */
		9F437D1620234E3A00E4E823 /* Build configuration list for PBXProject "ResponsiveApp" */ = {
			isa = XCConfigurationList;
			buildConfigurations = (
				9F437D2B20234E3A00E4E823 /* Debug */,
				9F437D2C20234E3A00E4E823 /* Release */,
			);
			defaultConfigurationIsVisible = 0;
			defaultConfigurationName = Release;
		};
		9F437D2D20234E3A00E4E823 /* Build configuration list for PBXNativeTarget "ResponsiveApp" */ = {
			isa = XCConfigurationList;
			buildConfigurations = (
				9F437D2E20234E3A00E4E823 /* Debug */,
				9F437D2F20234E3A00E4E823 /* Release */,
			);
			defaultConfigurationIsVisible = 0;
			defaultConfigurationName = Release;
		};
/* End XCConfigurationList section */
	};
	rootObject = 9F437D1320234E3A00E4E823 /* Project object */;
}
